// !$*UTF8*$!
{
	archiveVersion = 1;
	classes = {
	};
	objectVersion = 46;
	objects = {

/* Begin PBXBuildFile section */
		D4EC02D31BC9AEF80006A744 /* AppDelegate.swift in Sources */ = {isa = PBXBuildFile; fileRef = D4EC02D21BC9AEF80006A744 /* AppDelegate.swift */; };
		D4EC02D51BC9AEF80006A744 /* ViewController.swift in Sources */ = {isa = PBXBuildFile; fileRef = D4EC02D41BC9AEF80006A744 /* ViewController.swift */; };
		D4EC02D81BC9AEF80006A744 /* Main.storyboard in Resources */ = {isa = PBXBuildFile; fileRef = D4EC02D61BC9AEF80006A744 /* Main.storyboard */; };
		D4EC02DA1BC9AEF80006A744 /* Assets.xcassets in Resources */ = {isa = PBXBuildFile; fileRef = D4EC02D91BC9AEF80006A744 /* Assets.xcassets */; };
		D4EC02DD1BC9AEF80006A744 /* LaunchScreen.storyboard in Resources */ = {isa = PBXBuildFile; fileRef = D4EC02DB1BC9AEF80006A744 /* LaunchScreen.storyboard */; };
/* End PBXBuildFile section */

/* Begin PBXFileReference section */
		D4EC02CF1BC9AEF80006A744 /* SkjernCity.app */ = {isa = PBXFileReference; explicitFileType = wrapper.application; includeInIndex = 0; path = SkjernCity.app; sourceTree = BUILT_PRODUCTS_DIR; };
		D4EC02D21BC9AEF80006A744 /* AppDelegate.swift */ = {isa = PBXFileReference; lastKnownFileType = sourcecode.swift; path = AppDelegate.swift; sourceTree = "<group>"; };
		D4EC02D41BC9AEF80006A744 /* ViewController.swift */ = {isa = PBXFileReference; lastKnownFileType = sourcecode.swift; path = ViewController.swift; sourceTree = "<group>"; };
		D4EC02D71BC9AEF80006A744 /* Base */ = {isa = PBXFileReference; lastKnownFileType = file.storyboard; name = Base; path = Base.lproj/Main.storyboard; sourceTree = "<group>"; };
		D4EC02D91BC9AEF80006A744 /* Assets.xcassets */ = {isa = PBXFileReference; lastKnownFileType = folder.assetcatalog; path = Assets.xcassets; sourceTree = "<group>"; };
		D4EC02DC1BC9AEF80006A744 /* Base */ = {isa = PBXFileReference; lastKnownFileType = file.storyboard; name = Base; path = Base.lproj/LaunchScreen.storyboard; sourceTree = "<group>"; };
		D4EC02DE1BC9AEF80006A744 /* Info.plist */ = {isa = PBXFileReference; lastKnownFileType = text.plist.xml; path = Info.plist; sourceTree = "<group>"; };
/* End PBXFileReference section */

/* Begin PBXFrameworksBuildPhase section */
		D4EC02CC1BC9AEF80006A744 /* Frameworks */ = {
			isa = PBXFrameworksBuildPhase;
			buildActionMask = 2147483647;
			files = (
			);
			runOnlyForDeploymentPostprocessing = 0;
		};
/* End PBXFrameworksBuildPhase section */

/* Begin PBXGroup section */
		D4EC02C61BC9AEF80006A744 = {
			isa = PBXGroup;
			children = (
				D4EC02D11BC9AEF80006A744 /* SkjernCity */,
				D4EC02D01BC9AEF80006A744 /* Products */,
			);
			sourceTree = "<group>";
		};
		D4EC02D01BC9AEF80006A744 /* Products */ = {
			isa = PBXGroup;
			children = (
				D4EC02CF1BC9AEF80006A744 /* SkjernCity.app */,
			);
			name = Products;
			sourceTree = "<group>";
		};
		D4EC02D11BC9AEF80006A744 /* SkjernCity */ = {
			isa = PBXGroup;
			children = (
				D4EC02D21BC9AEF80006A744 /* AppDelegate.swift */,
				D4EC02D41BC9AEF80006A744 /* ViewController.swift */,
				D4EC02D61BC9AEF80006A744 /* Main.storyboard */,
				D4EC02D91BC9AEF80006A744 /* Assets.xcassets */,
				D4EC02DB1BC9AEF80006A744 /* LaunchScreen.storyboard */,
				D4EC02DE1BC9AEF80006A744 /* Info.plist */,
			);
			path = SkjernCity;
			sourceTree = "<group>";
		};
/* End PBXGroup section */

/* Begin PBXNativeTarget section */
		D4EC02CE1BC9AEF80006A744 /* SkjernCity */ = {
			isa = PBXNativeTarget;
			buildConfigurationList = D4EC02E11BC9AEF80006A744 /* Build configuration list for PBXNativeTarget "SkjernCity" */;
			buildPhases = (
				D4EC02CB1BC9AEF80006A744 /* Sources */,
				D4EC02CC1BC9AEF80006A744 /* Frameworks */,
				D4EC02CD1BC9AEF80006A744 /* Resources */,
			);
			buildRules = (
			);
			dependencies = (
			);
			name = SkjernCity;
			productName = SkjernCity;
			productReference = D4EC02CF1BC9AEF80006A744 /* SkjernCity.app */;
			productType = "com.apple.product-type.application";
		};
/* End PBXNativeTarget section */

/* Begin PBXProject section */
		D4EC02C71BC9AEF80006A744 /* Project object */ = {
			isa = PBXProject;
			attributes = {
				LastUpgradeCheck = 0700;
				ORGANIZATIONNAME = "Mads Pedersen";
				TargetAttributes = {
					D4EC02CE1BC9AEF80006A744 = {
						CreatedOnToolsVersion = 7.0.1;
						DevelopmentTeam = 46695HREX7;
					};
				};
			};
			buildConfigurationList = D4EC02CA1BC9AEF80006A744 /* Build configuration list for PBXProject "SkjernCity" */;
			compatibilityVersion = "Xcode 3.2";
			developmentRegion = English;
			hasScannedForEncodings = 0;
			knownRegions = (
				en,
				Base,
			);
			mainGroup = D4EC02C61BC9AEF80006A744;
			productRefGroup = D4EC02D01BC9AEF80006A744 /* Products */;
			projectDirPath = "";
			projectRoot = "";
			targets = (
				D4EC02CE1BC9AEF80006A744 /* SkjernCity */,
			);
		};
/* End PBXProject section */

/* Begin PBXResourcesBuildPhase section */
		D4EC02CD1BC9AEF80006A744 /* Resources */ = {
			isa = PBXResourcesBuildPhase;
			buildActionMask = 2147483647;
			files = (
				D4EC02DD1BC9AEF80006A744 /* LaunchScreen.storyboard in Resources */,
				D4EC02DA1BC9AEF80006A744 /* Assets.xcassets in Resources */,
				D4EC02D81BC9AEF80006A744 /* Main.storyboard in Resources */,
			);
			runOnlyForDeploymentPostprocessing = 0;
		};
/* End PBXResourcesBuildPhase section */

/* Begin PBXSourcesBuildPhase section */
		D4EC02CB1BC9AEF80006A744 /* Sources */ = {
			isa = PBXSourcesBuildPhase;
			buildActionMask = 2147483647;
			files = (
				D4EC02D51BC9AEF80006A744 /* ViewController.swift in Sources */,
				D4EC02D31BC9AEF80006A744 /* AppDelegate.swift in Sources */,
			);
			runOnlyForDeploymentPostprocessing = 0;
		};
/* End PBXSourcesBuildPhase section */

/* Begin PBXVariantGroup section */
		D4EC02D61BC9AEF80006A744 /* Main.storyboard */ = {
			isa = PBXVariantGroup;
			children = (
				D4EC02D71BC9AEF80006A744 /* Base */,
			);
			name = Main.storyboard;
			sourceTree = "<group>";
		};
		D4EC02DB1BC9AEF80006A744 /* LaunchScreen.storyboard */ = {
			isa = PBXVariantGroup;
			children = (
				D4EC02DC1BC9AEF80006A744 /* Base */,
			);
			name = LaunchScreen.storyboard;
			sourceTree = "<group>";
		};
/* End PBXVariantGroup section */

/* Begin XCBuildConfiguration section */
		D4EC02DF1BC9AEF80006A744 /* Debug */ = {
			isa = XCBuildConfiguration;
			buildSettings = {
				ALWAYS_SEARCH_USER_PATHS = NO;
				CLANG_CXX_LANGUAGE_STANDARD = "gnu++0x";
				CLANG_CXX_LIBRARY = "libc++";
				CLANG_ENABLE_MODULES = YES;
				CLANG_ENABLE_OBJC_ARC = YES;
				CLANG_WARN_BOOL_CONVERSION = YES;
				CLANG_WARN_CONSTANT_CONVERSION = YES;
				CLANG_WARN_DIRECT_OBJC_ISA_USAGE = YES_ERROR;
				CLANG_WARN_EMPTY_BODY = YES;
				CLANG_WARN_ENUM_CONVERSION = YES;
				CLANG_WARN_INT_CONVERSION = YES;
				CLANG_WARN_OBJC_ROOT_CLASS = YES_ERROR;
				CLANG_WARN_UNREACHABLE_CODE = YES;
				CLANG_WARN__DUPLICATE_METHOD_MATCH = YES;
				"CODE_SIGN_IDENTITY[sdk=iphoneos*]" = "iPhone Developer";
				COPY_PHASE_STRIP = NO;
				DEBUG_INFORMATION_FORMAT = dwarf;
				ENABLE_STRICT_OBJC_MSGSEND = YES;
				ENABLE_TESTABILITY = YES;
				GCC_C_LANGUAGE_STANDARD = gnu99;
				GCC_DYNAMIC_NO_PIC = NO;
				GCC_NO_COMMON_BLOCKS = YES;
				GCC_OPTIMIZATION_LEVEL = 0;
				GCC_PREPROCESSOR_DEFINITIONS = (
					"DEBUG=1",
					"$(inherited)",
				);
				GCC_WARN_64_TO_32_BIT_CONVERSION = YES;
				GCC_WARN_ABOUT_RETURN_TYPE = YES_ERROR;
				GCC_WARN_UNDECLARED_SELECTOR = YES;
				GCC_WARN_UNINITIALIZED_AUTOS = YES_AGGRESSIVE;
				GCC_WARN_UNUSED_FUNCTION = YES;
				GCC_WARN_UNUSED_VARIABLE = YES;
				IPHONEOS_DEPLOYMENT_TARGET = 9.0;
				MTL_ENABLE_DEBUG_INFO = YES;
				ONLY_ACTIVE_ARCH = YES;
				SDKROOT = iphoneos;
				SWIFT_OPTIMIZATION_LEVEL = "-Onone";
				TARGETED_DEVICE_FAMILY = "1,2";
			};
			name = Debug;
		};
		D4EC02E01BC9AEF80006A744 /* Release */ = {
			isa = XCBuildConfiguration;
			buildSettings = {
				ALWAYS_SEARCH_USER_PATHS = NO;
				CLANG_CXX_LANGUAGE_STANDARD = "gnu++0x";
				CLANG_CXX_LIBRARY = "libc++";
				CLANG_ENABLE_MODULES = YES;
				CLANG_ENABLE_OBJC_ARC = YES;
				CLANG_WARN_BOOL_CONVERSION = YES;
				CLANG_WARN_CONSTANT_CONVERSION = YES;
				CLANG_WARN_DIRECT_OBJC_ISA_USAGE = YES_ERROR;
				CLANG_WARN_EMPTY_BODY = YES;
				CLANG_WARN_ENUM_CONVERSION = YES;
				CLANG_WARN_INT_CONVERSION = YES;
				CLANG_WARN_OBJC_ROOT_CLASS = YES_ERROR;
				CLANG_WARN_UNREACHABLE_CODE = YES;
				CLANG_WARN__DUPLICATE_METHOD_MATCH = YES;
				"CODE_SIGN_IDENTITY[sdk=iphoneos*]" = "iPhone Developer";
				COPY_PHASE_STRIP = NO;
				DEBUG_INFORMATION_FORMAT = "dwarf-with-dsym";
				ENABLE_NS_ASSERTIONS = NO;
				ENABLE_STRICT_OBJC_MSGSEND = YES;
				GCC_C_LANGUAGE_STANDARD = gnu99;
				GCC_NO_COMMON_BLOCKS = YES;
				GCC_WARN_64_TO_32_BIT_CONVERSION = YES;
				GCC_WARN_ABOUT_RETURN_TYPE = YES_ERROR;
				GCC_WARN_UNDECLARED_SELECTOR = YES;
				GCC_WARN_UNINITIALIZED_AUTOS = YES_AGGRESSIVE;
				GCC_WARN_UNUSED_FUNCTION = YES;
				GCC_WARN_UNUSED_VARIABLE = YES;
				IPHONEOS_DEPLOYMENT_TARGET = 9.0;
				MTL_ENABLE_DEBUG_INFO = NO;
				SDKROOT = iphoneos;
				TARGETED_DEVICE_FAMILY = "1,2";
				VALIDATE_PRODUCT = YES;
			};
			name = Release;
		};
		D4EC02E21BC9AEF80006A744 /* Debug */ = {
			isa = XCBuildConfiguration;
			buildSettings = {
				ASSETCATALOG_COMPILER_APPICON_NAME = AppIcon;
				INFOPLIST_FILE = SkjernCity/Info.plist;
				LD_RUNPATH_SEARCH_PATHS = "$(inherited) @executable_path/Frameworks";
				PRODUCT_BUNDLE_IDENTIFIER = mdsp.SkjernCity;
				PRODUCT_NAME = "$(TARGET_NAME)";
			};
			name = Debug;
		};
		D4EC02E31BC9AEF80006A744 /* Release */ = {
			isa = XCBuildConfiguration;
			buildSettings = {
				ASSETCATALOG_COMPILER_APPICON_NAME = AppIcon;
				INFOPLIST_FILE = SkjernCity/Info.plist;
				LD_RUNPATH_SEARCH_PATHS = "$(inherited) @executable_path/Frameworks";
				PRODUCT_BUNDLE_IDENTIFIER = mdsp.SkjernCity;
				PRODUCT_NAME = "$(TARGET_NAME)";
			};
			name = Release;
		};
/* End XCBuildConfiguration section */

/* Begin XCConfigurationList section */
		D4EC02CA1BC9AEF80006A744 /* Build configuration list for PBXProject "SkjernCity" */ = {
			isa = XCConfigurationList;
			buildConfigurations = (
				D4EC02DF1BC9AEF80006A744 /* Debug */,
				D4EC02E01BC9AEF80006A744 /* Release */,
			);
			defaultConfigurationIsVisible = 0;
			defaultConfigurationName = Release;
		};
		D4EC02E11BC9AEF80006A744 /* Build configuration list for PBXNativeTarget "SkjernCity" */ = {
			isa = XCConfigurationList;
			buildConfigurations = (
				D4EC02E21BC9AEF80006A744 /* Debug */,
				D4EC02E31BC9AEF80006A744 /* Release */,
			);
			defaultConfigurationIsVisible = 0;
		};
/* End XCConfigurationList section */
	};
	rootObject = D4EC02C71BC9AEF80006A744 /* Project object */;
}
